
Microsoft Visual Studio Solution File, Format Version 12.00
# Visual Studio Version 16
VisualStudioVersion = 16.0.32228.343
MinimumVisualStudioVersion = 10.0.40219.1
Project("{FAE04EC0-301F-11D3-BF4B-00C04F79EFBC}") = "AplikacjaDoNaukiJęzyków", "AplikacjaDoNaukiJęzyków.csproj", "{6C3BBBAD-42D8-496D-8014-0A628FA2B2E4}"
EndProject
Global
	GlobalSection(SolutionConfigurationPlatforms) = preSolution
		Debug|Any CPU = Debug|Any CPU
		Release|Any CPU = Release|Any CPU
	EndGlobalSection
	GlobalSection(ProjectConfigurationPlatforms) = postSolution
		{6C3BBBAD-42D8-496D-8014-0A628FA2B2E4}.Debug|Any CPU.ActiveCfg = Debug|Any CPU
		{6C3BBBAD-42D8-496D-8014-0A628FA2B2E4}.Debug|Any CPU.Build.0 = Debug|Any CPU
		{6C3BBBAD-42D8-496D-8014-0A628FA2B2E4}.Release|Any CPU.ActiveCfg = Release|Any CPU
		{6C3BBBAD-42D8-496D-8014-0A628FA2B2E4}.Release|Any CPU.Build.0 = Release|Any CPU
	EndGlobalSection
	GlobalSection(SolutionProperties) = preSolution
		HideSolutionNode = FALSE
	EndGlobalSection
	GlobalSection(ExtensibilityGlobals) = postSolution
		SolutionGuid = {660EF6EC-BAC3-46E2-B473-83B627D72DCA}
	EndGlobalSection
EndGlobal
